// !$*UTF8*$!
{
	archiveVersion = 1;
	classes = {
	};
	objectVersion = 46;
	objects = {

/* Begin PBXBuildFile section */
		910635B716A33DAD00859D5B /* opale.icns in Resources */ = {isa = PBXBuildFile; fileRef = 910635B516A33D6900859D5B /* opale.icns */; };
		910CB9E616433B960065834D /* Mail_Template.docx in Resources */ = {isa = PBXBuildFile; fileRef = 910CB9E516433B950065834D /* Mail_Template.docx */; };
		911E7F8415B4133000FC2A3F /* OPAdultFemalePatientView.m in Sources */ = {isa = PBXBuildFile; fileRef = 911E7F8315B4133000FC2A3F /* OPAdultFemalePatientView.m */; };
		911F92411508A05C00FD3B34 /* OPView.m in Sources */ = {isa = PBXBuildFile; fileRef = 911F92401508A05C00FD3B34 /* OPView.m */; };
		91218D39166BFD9F00F11E00 /* OPMainWindow.xib in Resources */ = {isa = PBXBuildFile; fileRef = 9157712415067B74009E2B73 /* OPMainWindow.xib */; };
		912995A817D51EB100750522 /* OPChildPatientView.m in Sources */ = {isa = PBXBuildFile; fileRef = 912995A717D51EB100750522 /* OPChildPatientView.m */; };
		912C0EC1162087BC009A5090 /* avg_hc.csv in Resources */ = {isa = PBXBuildFile; fileRef = 912C0EBE162087BC009A5090 /* avg_hc.csv */; };
		912C0EC2162087BC009A5090 /* avg_height.csv in Resources */ = {isa = PBXBuildFile; fileRef = 912C0EBF162087BC009A5090 /* avg_height.csv */; };
		912C0EC3162087BC009A5090 /* avg_weight.csv in Resources */ = {isa = PBXBuildFile; fileRef = 912C0EC0162087BC009A5090 /* avg_weight.csv */; };
		912C0ED716208D7D009A5090 /* OPHeightGraphView.m in Sources */ = {isa = PBXBuildFile; fileRef = 912C0ED616208D7D009A5090 /* OPHeightGraphView.m */; };
		91360C8D150E6FA1000E00D2 /* OPNewPatientView.m in Sources */ = {isa = PBXBuildFile; fileRef = 91360C8C150E6FA1000E00D2 /* OPNewPatientView.m */; };
		9136E87016A88F06007BAE82 /* OPDayView.m in Sources */ = {isa = PBXBuildFile; fileRef = 9136E86F16A88F05007BAE82 /* OPDayView.m */; };
		913DC79F17D28DD4001F31B8 /* OPProfessional.m in Sources */ = {isa = PBXBuildFile; fileRef = 913DC79E17D28DD4001F31B8 /* OPProfessional.m */; };
		913DC7A217D28DD5001F31B8 /* OPInvoice.m in Sources */ = {isa = PBXBuildFile; fileRef = 913DC7A117D28DD5001F31B8 /* OPInvoice.m */; };
		913DC7A517D28DD5001F31B8 /* OPAppointment.m in Sources */ = {isa = PBXBuildFile; fileRef = 913DC7A417D28DD5001F31B8 /* OPAppointment.m */; };
		913DC7A817D28DD6001F31B8 /* OPMail.m in Sources */ = {isa = PBXBuildFile; fileRef = 913DC7A717D28DD5001F31B8 /* OPMail.m */; };
		913DC7AB17D28DD6001F31B8 /* OPConsultation.m in Sources */ = {isa = PBXBuildFile; fileRef = 913DC7AA17D28DD6001F31B8 /* OPConsultation.m */; };
		913DC7AE17D28DD7001F31B8 /* OPPatient.m in Sources */ = {isa = PBXBuildFile; fileRef = 913DC7AD17D28DD7001F31B8 /* OPPatient.m */; };
		913DC7B117D28DD7001F31B8 /* OPDocument.m in Sources */ = {isa = PBXBuildFile; fileRef = 913DC7B017D28DD7001F31B8 /* OPDocument.m */; };
		913DC7B417D28DD7001F31B8 /* OPTown.m in Sources */ = {isa = PBXBuildFile; fileRef = 913DC7B317D28DD7001F31B8 /* OPTown.m */; };
		913DC7B717D28DD7001F31B8 /* OPMeasure.m in Sources */ = {isa = PBXBuildFile; fileRef = 913DC7B617D28DD7001F31B8 /* OPMeasure.m */; };
		914594B816962C9E003016FF /* OPPhoneNumberFormatter.m in Sources */ = {isa = PBXBuildFile; fileRef = 914594B716962C9E003016FF /* OPPhoneNumberFormatter.m */; };
		914594BA169651E7003016FF /* fr_postal_codes.csv in Resources */ = {isa = PBXBuildFile; fileRef = 914594B9169651E7003016FF /* fr_postal_codes.csv */; };
		9150AC23177F6D7100E12915 /* OPProfessionalsView.m in Sources */ = {isa = PBXBuildFile; fileRef = 9150AC22177F6D7100E12915 /* OPProfessionalsView.m */; };
		9150AC26177F6E2300E12915 /* OPNewProfessionalView.m in Sources */ = {isa = PBXBuildFile; fileRef = 9150AC25177F6E2300E12915 /* OPNewProfessionalView.m */; };
		9150AC29177F6FEB00E12915 /* OPProfessionalView.m in Sources */ = {isa = PBXBuildFile; fileRef = 9150AC28177F6FEA00E12915 /* OPProfessionalView.m */; };
		9157711015067B73009E2B73 /* Cocoa.framework in Frameworks */ = {isa = PBXBuildFile; fileRef = 9157710F15067B73009E2B73 /* Cocoa.framework */; };
		9157711A15067B73009E2B73 /* InfoPlist.strings in Resources */ = {isa = PBXBuildFile; fileRef = 9157711815067B73009E2B73 /* InfoPlist.strings */; };
		9157711C15067B73009E2B73 /* main.m in Sources */ = {isa = PBXBuildFile; fileRef = 9157711B15067B73009E2B73 /* main.m */; };
		9157712015067B73009E2B73 /* Credits.rtf in Resources */ = {isa = PBXBuildFile; fileRef = 9157711E15067B73009E2B73 /* Credits.rtf */; };
		9157712315067B73009E2B73 /* OPAppDelegate.m in Sources */ = {isa = PBXBuildFile; fileRef = 9157712215067B73009E2B73 /* OPAppDelegate.m */; };
		9157712915067B74009E2B73 /* Opale.xcdatamodeld in Sources */ = {isa = PBXBuildFile; fileRef = 9157712715067B74009E2B73 /* Opale.xcdatamodeld */; };
		9157713115067B74009E2B73 /* SenTestingKit.framework in Frameworks */ = {isa = PBXBuildFile; fileRef = 9157713015067B74009E2B73 /* SenTestingKit.framework */; };
		9157713215067B74009E2B73 /* Cocoa.framework in Frameworks */ = {isa = PBXBuildFile; fileRef = 9157710F15067B73009E2B73 /* Cocoa.framework */; };
		9157713A15067B74009E2B73 /* InfoPlist.strings in Resources */ = {isa = PBXBuildFile; fileRef = 9157713815067B74009E2B73 /* InfoPlist.strings */; };
		9157713D15067B74009E2B73 /* OpaleTests.m in Sources */ = {isa = PBXBuildFile; fileRef = 9157713C15067B74009E2B73 /* OpaleTests.m */; };
		9157714815068769009E2B73 /* OPMainWindow.m in Sources */ = {isa = PBXBuildFile; fileRef = 9157714715068769009E2B73 /* OPMainWindow.m */; };
		91595525166A923E0084D837 /* OPScanningView.m in Sources */ = {isa = PBXBuildFile; fileRef = 91595524166A923E0084D837 /* OPScanningView.m */; };
		915BE2FA16A19108009196E5 /* trash.png in Resources */ = {isa = PBXBuildFile; fileRef = 915BE2F916A19108009196E5 /* trash.png */; };
		915CEF85150E4442007E6E6D /* WebKit.framework in Frameworks */ = {isa = PBXBuildFile; fileRef = 915CEF84150E4442007E6E6D /* WebKit.framework */; };
		915CEF89150E499E007E6E6D /* search.png in Resources */ = {isa = PBXBuildFile; fileRef = 915CEF87150E499E007E6E6D /* search.png */; };
		915DE40E16A49B9D00D17737 /* OPCalendarView.m in Sources */ = {isa = PBXBuildFile; fileRef = 915DE40D16A49B9D00D17737 /* OPCalendarView.m */; };
		916244AD166A6FE30000D50A /* OPProfessionalSearchView.m in Sources */ = {isa = PBXBuildFile; fileRef = 916244AC166A6FE30000D50A /* OPProfessionalSearchView.m */; };
		916244BE166A7C210000D50A /* AddressBook.framework in Frameworks */ = {isa = PBXBuildFile; fileRef = 916244BD166A7C210000D50A /* AddressBook.framework */; };
		9166DDD61698A3E500583379 /* OPGraphView.m in Sources */ = {isa = PBXBuildFile; fileRef = 9166DDD51698A3E400583379 /* OPGraphView.m */; };
		91680CD71690F7FA00A3C67E /* OPInvoiceView.m in Sources */ = {isa = PBXBuildFile; fileRef = 91680CD61690F7FA00A3C67E /* OPInvoiceView.m */; };
		9171736E1535E2E100D1D702 /* libsqlite3.dylib in Frameworks */ = {isa = PBXBuildFile; fileRef = 9171736D1535E2E100D1D702 /* libsqlite3.dylib */; };
		9174A6A616960C8B00575B69 /* OPSexFormatter.m in Sources */ = {isa = PBXBuildFile; fileRef = 9174A6A516960C8B00575B69 /* OPSexFormatter.m */; };
		9176B2C116EB599D00F51FD3 /* OPTownsDataSource.m in Sources */ = {isa = PBXBuildFile; fileRef = 9176B2C016EB599D00F51FD3 /* OPTownsDataSource.m */; };
		9176B2C716EBA22C00F51FD3 /* valid.png in Resources */ = {isa = PBXBuildFile; fileRef = 9176B2C516EBA22C00F51FD3 /* valid.png */; };
		9176B2C816EBA22C00F51FD3 /* warning.png in Resources */ = {isa = PBXBuildFile; fileRef = 9176B2C616EBA22C00F51FD3 /* warning.png */; };
		91773DB7163B0C09000F8673 /* OPWeightGraphView.m in Sources */ = {isa = PBXBuildFile; fileRef = 91773DB6163B0C09000F8673 /* OPWeightGraphView.m */; };
		91773DBA163B0C66000F8673 /* OPHCGraphView.m in Sources */ = {isa = PBXBuildFile; fileRef = 91773DB9163B0C66000F8673 /* OPHCGraphView.m */; };
		91773DBD163B11E2000F8673 /* OPBabyPatientView.m in Sources */ = {isa = PBXBuildFile; fileRef = 91773DBC163B11E2000F8673 /* OPBabyPatientView.m */; };
		917C607B16AB1DD700A5EAC0 /* new_appointment.png in Resources */ = {isa = PBXBuildFile; fileRef = 917C607A16AB1DD700A5EAC0 /* new_appointment.png */; };
		918738FB16A7376400D079E7 /* OPAppointmentView.m in Sources */ = {isa = PBXBuildFile; fileRef = 918738FA16A7376400D079E7 /* OPAppointmentView.m */; };
		9187390116A73E1200D079E7 /* OPEditAppointmentView.m in Sources */ = {isa = PBXBuildFile; fileRef = 9187390016A73E1200D079E7 /* OPEditAppointmentView.m */; };
		91959F951690A1B4008EF47E /* OPInvoicePanel.m in Sources */ = {isa = PBXBuildFile; fileRef = 91959F941690A1B4008EF47E /* OPInvoicePanel.m */; };
		919F2A7116B5B66E00D1A72E /* OPTrackingArea.m in Sources */ = {isa = PBXBuildFile; fileRef = 919F2A7016B5B66E00D1A72E /* OPTrackingArea.m */; };
		91A7DEF016A5EE6C008FEEA6 /* OPWeekAppointmentsView.m in Sources */ = {isa = PBXBuildFile; fileRef = 91A7DEEF16A5EE6C008FEEA6 /* OPWeekAppointmentsView.m */; };
		91A7DEF316A5EE96008FEEA6 /* OPDayAppointmentsView.m in Sources */ = {isa = PBXBuildFile; fileRef = 91A7DEF216A5EE96008FEEA6 /* OPDayAppointmentsView.m */; };
		91AB001F16A2F6440093F903 /* delete.png in Resources */ = {isa = PBXBuildFile; fileRef = 91AB001E16A2F6440093F903 /* delete.png */; };
		91AB002516A301850093F903 /* add_consultation.png in Resources */ = {isa = PBXBuildFile; fileRef = 91AB002016A301850093F903 /* add_consultation.png */; };
		91AB002616A301850093F903 /* add_document.png in Resources */ = {isa = PBXBuildFile; fileRef = 91AB002116A301850093F903 /* add_document.png */; };
		91AB002716A301850093F903 /* add_user.png in Resources */ = {isa = PBXBuildFile; fileRef = 91AB002216A301850093F903 /* add_user.png */; };
		91AB002816A301850093F903 /* check.png in Resources */ = {isa = PBXBuildFile; fileRef = 91AB002316A301850093F903 /* check.png */; };
		91AB002916A301850093F903 /* invoice.png in Resources */ = {isa = PBXBuildFile; fileRef = 91AB002416A301850093F903 /* invoice.png */; };
		91AB002D16A30F060093F903 /* cash.png in Resources */ = {isa = PBXBuildFile; fileRef = 91AB002A16A30F060093F903 /* cash.png */; };
		91AB002E16A30F060093F903 /* cheque.png in Resources */ = {isa = PBXBuildFile; fileRef = 91AB002B16A30F060093F903 /* cheque.png */; };
		91AB002F16A30F060093F903 /* printer.png in Resources */ = {isa = PBXBuildFile; fileRef = 91AB002C16A30F060093F903 /* printer.png */; };
		91AB003116A3107F0093F903 /* import.png in Resources */ = {isa = PBXBuildFile; fileRef = 91AB003016A3107F0093F903 /* import.png */; };
		91AB003316A311380093F903 /* scanner.png in Resources */ = {isa = PBXBuildFile; fileRef = 91AB003216A311370093F903 /* scanner.png */; };
		91AB003716A3128F0093F903 /* mail.png in Resources */ = {isa = PBXBuildFile; fileRef = 91AB003616A3128F0093F903 /* mail.png */; };
		91ACB7FD1508CEF200DB0393 /* Quartz.framework in Frameworks */ = {isa = PBXBuildFile; fileRef = 91ACB7FC1508CEF200DB0393 /* Quartz.framework */; };
		91B128651598A4BB00AFC5B9 /* OPAdultMalePatientView.m in Sources */ = {isa = PBXBuildFile; fileRef = 91B128641598A4BB00AFC5B9 /* OPAdultMalePatientView.m */; };
		91B31AB4168B2DAA00416CF1 /* QuartzCore.framework in Frameworks */ = {isa = PBXBuildFile; fileRef = 91B31AB3168B2DAA00416CF1 /* QuartzCore.framework */; };
		91B31AB6168B2F0D00416CF1 /* AppKit.framework in Frameworks */ = {isa = PBXBuildFile; fileRef = 91B31AB5168B2F0D00416CF1 /* AppKit.framework */; };
		91B31AB8168B54F500416CF1 /* ImageCaptureCore.framework in Frameworks */ = {isa = PBXBuildFile; fileRef = 91B31AB7168B54F500416CF1 /* ImageCaptureCore.framework */; };
		91BD268916B40C7F0010E102 /* OPAppointmentPanel.m in Sources */ = {isa = PBXBuildFile; fileRef = 91BD268816B40C7E0010E102 /* OPAppointmentPanel.m */; };
		91CAD6CB1598B71B00163FB1 /* OPExistingPatientView.m in Sources */ = {isa = PBXBuildFile; fileRef = 91CAD6CA1598B71B00163FB1 /* OPExistingPatientView.m */; };
		91CEF6F2159C618A001D5265 /* OPConsultationView.m in Sources */ = {isa = PBXBuildFile; fileRef = 91CEF6F1159C618A001D5265 /* OPConsultationView.m */; };
		91D3AA7C1629BAC300941E2C /* CorePlot.framework in Frameworks */ = {isa = PBXBuildFile; fileRef = 91D3AA761629BA8800941E2C /* CorePlot.framework */; };
		91E7320D150E2D0300F74EBB /* OPPatientsView.m in Sources */ = {isa = PBXBuildFile; fileRef = 91E7320C150E2D0300F74EBB /* OPPatientsView.m */; };
		91E73210150E2D6C00F74EBB /* OPPatientSearchView.m in Sources */ = {isa = PBXBuildFile; fileRef = 91E7320F150E2D6C00F74EBB /* OPPatientSearchView.m */; };
		91EF2C2C150BBAAC008D7F3A /* accounting.png in Resources */ = {isa = PBXBuildFile; fileRef = 91EF2C25150BBAAC008D7F3A /* accounting.png */; };
		91EF2C2D150BBAAC008D7F3A /* calendar.png in Resources */ = {isa = PBXBuildFile; fileRef = 91EF2C26150BBAAC008D7F3A /* calendar.png */; };
		91EF2C2E150BBAAC008D7F3A /* home.png in Resources */ = {isa = PBXBuildFile; fileRef = 91EF2C27150BBAAC008D7F3A /* home.png */; };
		91EF2C2F150BBAAC008D7F3A /* network.png in Resources */ = {isa = PBXBuildFile; fileRef = 91EF2C28150BBAAC008D7F3A /* network.png */; };
		91EF2C31150BBAAC008D7F3A /* patients.png in Resources */ = {isa = PBXBuildFile; fileRef = 91EF2C2A150BBAAC008D7F3A /* patients.png */; };
		91EF2C32150BBAAC008D7F3A /* statistics.png in Resources */ = {isa = PBXBuildFile; fileRef = 91EF2C2B150BBAAC008D7F3A /* statistics.png */; };
/* End PBXBuildFile section */

/* Begin PBXContainerItemProxy section */
		9157713315067B74009E2B73 /* PBXContainerItemProxy */ = {
			isa = PBXContainerItemProxy;
			containerPortal = 9157710215067B73009E2B73 /* Project object */;
			proxyType = 1;
			remoteGlobalIDString = 9157710A15067B73009E2B73;
			remoteInfo = Opale;
		};
		91D3AA751629BA8800941E2C /* PBXContainerItemProxy */ = {
			isa = PBXContainerItemProxy;
			containerPortal = 91D3AA6C1629BA8800941E2C /* CorePlot.xcodeproj */;
			proxyType = 2;
			remoteGlobalIDString = 8DC2EF5B0486A6940098B216;
			remoteInfo = CorePlot;
		};
		91D3AA771629BA8800941E2C /* PBXContainerItemProxy */ = {
			isa = PBXContainerItemProxy;
			containerPortal = 91D3AA6C1629BA8800941E2C /* CorePlot.xcodeproj */;
			proxyType = 2;
			remoteGlobalIDString = 0730F600109492D800E95162;
			remoteInfo = UnitTests;
		};
		91D3AA7A1629BAB600941E2C /* PBXContainerItemProxy */ = {
			isa = PBXContainerItemProxy;
			containerPortal = 91D3AA6C1629BA8800941E2C /* CorePlot.xcodeproj */;
			proxyType = 1;
			remoteGlobalIDString = 8DC2EF4F0486A6940098B216;
			remoteInfo = CorePlot;
		};
/* End PBXContainerItemProxy section */

/* Begin PBXFileReference section */
		910635B516A33D6900859D5B /* opale.icns */ = {isa = PBXFileReference; lastKnownFileType = image.icns; path = opale.icns; sourceTree = "<group>"; };
		910CB9E516433B950065834D /* Mail_Template.docx */ = {isa = PBXFileReference; lastKnownFileType = file; path = Mail_Template.docx; sourceTree = "<group>"; };
		911E7F8215B4133000FC2A3F /* OPAdultFemalePatientView.h */ = {isa = PBXFileReference; fileEncoding = 4; lastKnownFileType = sourcecode.c.h; path = OPAdultFemalePatientView.h; sourceTree = "<group>"; };
		911E7F8315B4133000FC2A3F /* OPAdultFemalePatientView.m */ = {isa = PBXFileReference; fileEncoding = 4; lastKnownFileType = sourcecode.c.objc; path = OPAdultFemalePatientView.m; sourceTree = "<group>"; };
		911F923F1508A05C00FD3B34 /* OPView.h */ = {isa = PBXFileReference; fileEncoding = 4; lastKnownFileType = sourcecode.c.h; path = OPView.h; sourceTree = "<group>"; };
		911F92401508A05C00FD3B34 /* OPView.m */ = {isa = PBXFileReference; fileEncoding = 4; lastKnownFileType = sourcecode.c.objc; path = OPView.m; sourceTree = "<group>"; };
		912995A617D51EB100750522 /* OPChildPatientView.h */ = {isa = PBXFileReference; fileEncoding = 4; lastKnownFileType = sourcecode.c.h; path = OPChildPatientView.h; sourceTree = "<group>"; };
		912995A717D51EB100750522 /* OPChildPatientView.m */ = {isa = PBXFileReference; fileEncoding = 4; lastKnownFileType = sourcecode.c.objc; path = OPChildPatientView.m; sourceTree = "<group>"; };
		912C0EBE162087BC009A5090 /* avg_hc.csv */ = {isa = PBXFileReference; fileEncoding = 4; lastKnownFileType = text; path = avg_hc.csv; sourceTree = "<group>"; };
		912C0EBF162087BC009A5090 /* avg_height.csv */ = {isa = PBXFileReference; fileEncoding = 4; lastKnownFileType = text; path = avg_height.csv; sourceTree = "<group>"; };
		912C0EC0162087BC009A5090 /* avg_weight.csv */ = {isa = PBXFileReference; fileEncoding = 4; lastKnownFileType = text; path = avg_weight.csv; sourceTree = "<group>"; };
		912C0ED516208D7D009A5090 /* OPHeightGraphView.h */ = {isa = PBXFileReference; fileEncoding = 4; lastKnownFileType = sourcecode.c.h; path = OPHeightGraphView.h; sourceTree = "<group>"; };
		912C0ED616208D7D009A5090 /* OPHeightGraphView.m */ = {isa = PBXFileReference; fileEncoding = 4; lastKnownFileType = sourcecode.c.objc; path = OPHeightGraphView.m; sourceTree = "<group>"; };
		91360C8B150E6FA1000E00D2 /* OPNewPatientView.h */ = {isa = PBXFileReference; fileEncoding = 4; lastKnownFileType = sourcecode.c.h; path = OPNewPatientView.h; sourceTree = "<group>"; };
		91360C8C150E6FA1000E00D2 /* OPNewPatientView.m */ = {isa = PBXFileReference; fileEncoding = 4; lastKnownFileType = sourcecode.c.objc; path = OPNewPatientView.m; sourceTree = "<group>"; };
		9136E86E16A88F05007BAE82 /* OPDayView.h */ = {isa = PBXFileReference; fileEncoding = 4; lastKnownFileType = sourcecode.c.h; path = OPDayView.h; sourceTree = "<group>"; };
		9136E86F16A88F05007BAE82 /* OPDayView.m */ = {isa = PBXFileReference; fileEncoding = 4; lastKnownFileType = sourcecode.c.objc; path = OPDayView.m; sourceTree = "<group>"; };
		913DC79D17D28DD4001F31B8 /* OPProfessional.h */ = {isa = PBXFileReference; fileEncoding = 4; lastKnownFileType = sourcecode.c.h; path = OPProfessional.h; sourceTree = "<group>"; };
		913DC79E17D28DD4001F31B8 /* OPProfessional.m */ = {isa = PBXFileReference; fileEncoding = 4; lastKnownFileType = sourcecode.c.objc; path = OPProfessional.m; sourceTree = "<group>"; };
		913DC7A017D28DD5001F31B8 /* OPInvoice.h */ = {isa = PBXFileReference; fileEncoding = 4; lastKnownFileType = sourcecode.c.h; path = OPInvoice.h; sourceTree = "<group>"; };
		913DC7A117D28DD5001F31B8 /* OPInvoice.m */ = {isa = PBXFileReference; fileEncoding = 4; lastKnownFileType = sourcecode.c.objc; path = OPInvoice.m; sourceTree = "<group>"; };
		913DC7A317D28DD5001F31B8 /* OPAppointment.h */ = {isa = PBXFileReference; fileEncoding = 4; lastKnownFileType = sourcecode.c.h; path = OPAppointment.h; sourceTree = "<group>"; };
		913DC7A417D28DD5001F31B8 /* OPAppointment.m */ = {isa = PBXFileReference; fileEncoding = 4; lastKnownFileType = sourcecode.c.objc; path = OPAppointment.m; sourceTree = "<group>"; };
		913DC7A617D28DD5001F31B8 /* OPMail.h */ = {isa = PBXFileReference; fileEncoding = 4; lastKnownFileType = sourcecode.c.h; path = OPMail.h; sourceTree = "<group>"; };
		913DC7A717D28DD5001F31B8 /* OPMail.m */ = {isa = PBXFileReference; fileEncoding = 4; lastKnownFileType = sourcecode.c.objc; path = OPMail.m; sourceTree = "<group>"; };
		913DC7A917D28DD6001F31B8 /* OPConsultation.h */ = {isa = PBXFileReference; fileEncoding = 4; lastKnownFileType = sourcecode.c.h; path = OPConsultation.h; sourceTree = "<group>"; };
		913DC7AA17D28DD6001F31B8 /* OPConsultation.m */ = {isa = PBXFileReference; fileEncoding = 4; lastKnownFileType = sourcecode.c.objc; path = OPConsultation.m; sourceTree = "<group>"; };
		913DC7AC17D28DD7001F31B8 /* OPPatient.h */ = {isa = PBXFileReference; fileEncoding = 4; lastKnownFileType = sourcecode.c.h; path = OPPatient.h; sourceTree = "<group>"; };
		913DC7AD17D28DD7001F31B8 /* OPPatient.m */ = {isa = PBXFileReference; fileEncoding = 4; lastKnownFileType = sourcecode.c.objc; path = OPPatient.m; sourceTree = "<group>"; };
		913DC7AF17D28DD7001F31B8 /* OPDocument.h */ = {isa = PBXFileReference; fileEncoding = 4; lastKnownFileType = sourcecode.c.h; path = OPDocument.h; sourceTree = "<group>"; };
		913DC7B017D28DD7001F31B8 /* OPDocument.m */ = {isa = PBXFileReference; fileEncoding = 4; lastKnownFileType = sourcecode.c.objc; path = OPDocument.m; sourceTree = "<group>"; };
		913DC7B217D28DD7001F31B8 /* OPTown.h */ = {isa = PBXFileReference; fileEncoding = 4; lastKnownFileType = sourcecode.c.h; path = OPTown.h; sourceTree = "<group>"; };
		913DC7B317D28DD7001F31B8 /* OPTown.m */ = {isa = PBXFileReference; fileEncoding = 4; lastKnownFileType = sourcecode.c.objc; path = OPTown.m; sourceTree = "<group>"; };
		913DC7B517D28DD7001F31B8 /* OPMeasure.h */ = {isa = PBXFileReference; fileEncoding = 4; lastKnownFileType = sourcecode.c.h; path = OPMeasure.h; sourceTree = "<group>"; };
		913DC7B617D28DD7001F31B8 /* OPMeasure.m */ = {isa = PBXFileReference; fileEncoding = 4; lastKnownFileType = sourcecode.c.objc; path = OPMeasure.m; sourceTree = "<group>"; };
		914594B616962C9E003016FF /* OPPhoneNumberFormatter.h */ = {isa = PBXFileReference; fileEncoding = 4; lastKnownFileType = sourcecode.c.h; path = OPPhoneNumberFormatter.h; sourceTree = "<group>"; };
		914594B716962C9E003016FF /* OPPhoneNumberFormatter.m */ = {isa = PBXFileReference; fileEncoding = 4; lastKnownFileType = sourcecode.c.objc; path = OPPhoneNumberFormatter.m; sourceTree = "<group>"; };
		914594B9169651E7003016FF /* fr_postal_codes.csv */ = {isa = PBXFileReference; fileEncoding = 4; lastKnownFileType = text; path = fr_postal_codes.csv; sourceTree = "<group>"; };
		9150AC21177F6D7000E12915 /* OPProfessionalsView.h */ = {isa = PBXFileReference; fileEncoding = 4; lastKnownFileType = sourcecode.c.h; path = OPProfessionalsView.h; sourceTree = "<group>"; };
		9150AC22177F6D7100E12915 /* OPProfessionalsView.m */ = {isa = PBXFileReference; fileEncoding = 4; lastKnownFileType = sourcecode.c.objc; path = OPProfessionalsView.m; sourceTree = "<group>"; };
		9150AC24177F6E2200E12915 /* OPNewProfessionalView.h */ = {isa = PBXFileReference; fileEncoding = 4; lastKnownFileType = sourcecode.c.h; path = OPNewProfessionalView.h; sourceTree = "<group>"; };
		9150AC25177F6E2300E12915 /* OPNewProfessionalView.m */ = {isa = PBXFileReference; fileEncoding = 4; lastKnownFileType = sourcecode.c.objc; path = OPNewProfessionalView.m; sourceTree = "<group>"; };
		9150AC27177F6FE900E12915 /* OPProfessionalView.h */ = {isa = PBXFileReference; fileEncoding = 4; lastKnownFileType = sourcecode.c.h; path = OPProfessionalView.h; sourceTree = "<group>"; };
		9150AC28177F6FEA00E12915 /* OPProfessionalView.m */ = {isa = PBXFileReference; fileEncoding = 4; lastKnownFileType = sourcecode.c.objc; path = OPProfessionalView.m; sourceTree = "<group>"; };
		9157710B15067B73009E2B73 /* Opale.app */ = {isa = PBXFileReference; explicitFileType = wrapper.application; includeInIndex = 0; path = Opale.app; sourceTree = BUILT_PRODUCTS_DIR; };
		9157710F15067B73009E2B73 /* Cocoa.framework */ = {isa = PBXFileReference; lastKnownFileType = wrapper.framework; name = Cocoa.framework; path = System/Library/Frameworks/Cocoa.framework; sourceTree = SDKROOT; };
		9157711315067B73009E2B73 /* CoreData.framework */ = {isa = PBXFileReference; lastKnownFileType = wrapper.framework; name = CoreData.framework; path = System/Library/Frameworks/CoreData.framework; sourceTree = SDKROOT; };
		9157711415067B73009E2B73 /* Foundation.framework */ = {isa = PBXFileReference; lastKnownFileType = wrapper.framework; name = Foundation.framework; path = System/Library/Frameworks/Foundation.framework; sourceTree = SDKROOT; };
		9157711715067B73009E2B73 /* Opale-Info.plist */ = {isa = PBXFileReference; lastKnownFileType = text.plist.xml; path = "Opale-Info.plist"; sourceTree = "<group>"; };
		9157711915067B73009E2B73 /* en */ = {isa = PBXFileReference; lastKnownFileType = text.plist.strings; name = en; path = en.lproj/InfoPlist.strings; sourceTree = "<group>"; };
		9157711B15067B73009E2B73 /* main.m */ = {isa = PBXFileReference; lastKnownFileType = sourcecode.c.objc; path = main.m; sourceTree = "<group>"; };
		9157711D15067B73009E2B73 /* Opale-Prefix.pch */ = {isa = PBXFileReference; lastKnownFileType = sourcecode.c.h; path = "Opale-Prefix.pch"; sourceTree = "<group>"; };
		9157711F15067B73009E2B73 /* en */ = {isa = PBXFileReference; lastKnownFileType = text.rtf; name = en; path = en.lproj/Credits.rtf; sourceTree = "<group>"; };
		9157712115067B73009E2B73 /* OPAppDelegate.h */ = {isa = PBXFileReference; lastKnownFileType = sourcecode.c.h; path = OPAppDelegate.h; sourceTree = "<group>"; };
		9157712215067B73009E2B73 /* OPAppDelegate.m */ = {isa = PBXFileReference; lastKnownFileType = sourcecode.c.objc; path = OPAppDelegate.m; sourceTree = "<group>"; };
		9157712815067B74009E2B73 /* Opale.xcdatamodel */ = {isa = PBXFileReference; lastKnownFileType = wrapper.xcdatamodel; path = Opale.xcdatamodel; sourceTree = "<group>"; };
		9157712F15067B74009E2B73 /* OpaleTests.octest */ = {isa = PBXFileReference; explicitFileType = wrapper.cfbundle; includeInIndex = 0; path = OpaleTests.octest; sourceTree = BUILT_PRODUCTS_DIR; };
		9157713015067B74009E2B73 /* SenTestingKit.framework */ = {isa = PBXFileReference; lastKnownFileType = wrapper.framework; name = SenTestingKit.framework; path = Library/Frameworks/SenTestingKit.framework; sourceTree = DEVELOPER_DIR; };
		9157713715067B74009E2B73 /* OpaleTests-Info.plist */ = {isa = PBXFileReference; lastKnownFileType = text.plist.xml; path = "OpaleTests-Info.plist"; sourceTree = "<group>"; };
		9157713915067B74009E2B73 /* en */ = {isa = PBXFileReference; lastKnownFileType = text.plist.strings; name = en; path = en.lproj/InfoPlist.strings; sourceTree = "<group>"; };
		9157713B15067B74009E2B73 /* OpaleTests.h */ = {isa = PBXFileReference; lastKnownFileType = sourcecode.c.h; path = OpaleTests.h; sourceTree = "<group>"; };
		9157713C15067B74009E2B73 /* OpaleTests.m */ = {isa = PBXFileReference; lastKnownFileType = sourcecode.c.objc; path = OpaleTests.m; sourceTree = "<group>"; };
		9157714615068769009E2B73 /* OPMainWindow.h */ = {isa = PBXFileReference; fileEncoding = 4; lastKnownFileType = sourcecode.c.h; path = OPMainWindow.h; sourceTree = "<group>"; };
		9157714715068769009E2B73 /* OPMainWindow.m */ = {isa = PBXFileReference; fileEncoding = 4; lastKnownFileType = sourcecode.c.objc; path = OPMainWindow.m; sourceTree = "<group>"; };
		91595522166A836E0084D837 /* Base */ = {isa = PBXFileReference; lastKnownFileType = file.xib; name = Base; path = Base.lproj/OPMainWindow.xib; sourceTree = "<group>"; };
		91595523166A923E0084D837 /* OPScanningView.h */ = {isa = PBXFileReference; fileEncoding = 4; lastKnownFileType = sourcecode.c.h; path = OPScanningView.h; sourceTree = "<group>"; };
		91595524166A923E0084D837 /* OPScanningView.m */ = {isa = PBXFileReference; fileEncoding = 4; lastKnownFileType = sourcecode.c.objc; path = OPScanningView.m; sourceTree = "<group>"; };
		915BE2F916A19108009196E5 /* trash.png */ = {isa = PBXFileReference; lastKnownFileType = image.png; path = trash.png; sourceTree = "<group>"; };
		915CEF84150E4442007E6E6D /* WebKit.framework */ = {isa = PBXFileReference; lastKnownFileType = wrapper.framework; name = WebKit.framework; path = System/Library/Frameworks/WebKit.framework; sourceTree = SDKROOT; };
		915CEF87150E499E007E6E6D /* search.png */ = {isa = PBXFileReference; lastKnownFileType = image.png; path = search.png; sourceTree = "<group>"; };
		915DE40C16A49B9D00D17737 /* OPCalendarView.h */ = {isa = PBXFileReference; fileEncoding = 4; lastKnownFileType = sourcecode.c.h; path = OPCalendarView.h; sourceTree = "<group>"; };
		915DE40D16A49B9D00D17737 /* OPCalendarView.m */ = {isa = PBXFileReference; fileEncoding = 4; lastKnownFileType = sourcecode.c.objc; path = OPCalendarView.m; sourceTree = "<group>"; };
		916244AB166A6FE30000D50A /* OPProfessionalSearchView.h */ = {isa = PBXFileReference; fileEncoding = 4; lastKnownFileType = sourcecode.c.h; path = OPProfessionalSearchView.h; sourceTree = "<group>"; };
		916244AC166A6FE30000D50A /* OPProfessionalSearchView.m */ = {isa = PBXFileReference; fileEncoding = 4; lastKnownFileType = sourcecode.c.objc; path = OPProfessionalSearchView.m; sourceTree = "<group>"; };
		916244BD166A7C210000D50A /* AddressBook.framework */ = {isa = PBXFileReference; lastKnownFileType = wrapper.framework; name = AddressBook.framework; path = System/Library/Frameworks/AddressBook.framework; sourceTree = SDKROOT; };
		9166DDD41698A3E300583379 /* OPGraphView.h */ = {isa = PBXFileReference; fileEncoding = 4; lastKnownFileType = sourcecode.c.h; path = OPGraphView.h; sourceTree = "<group>"; };
		9166DDD51698A3E400583379 /* OPGraphView.m */ = {isa = PBXFileReference; fileEncoding = 4; lastKnownFileType = sourcecode.c.objc; path = OPGraphView.m; sourceTree = "<group>"; };
		91680CD51690F7FA00A3C67E /* OPInvoiceView.h */ = {isa = PBXFileReference; fileEncoding = 4; lastKnownFileType = sourcecode.c.h; path = OPInvoiceView.h; sourceTree = "<group>"; };
		91680CD61690F7FA00A3C67E /* OPInvoiceView.m */ = {isa = PBXFileReference; fileEncoding = 4; lastKnownFileType = sourcecode.c.objc; path = OPInvoiceView.m; sourceTree = "<group>"; };
		9171736D1535E2E100D1D702 /* libsqlite3.dylib */ = {isa = PBXFileReference; lastKnownFileType = "compiled.mach-o.dylib"; name = libsqlite3.dylib; path = usr/lib/libsqlite3.dylib; sourceTree = SDKROOT; };
		917173781535EB0600D1D702 /* Maquette.xlsx */ = {isa = PBXFileReference; lastKnownFileType = file; path = Maquette.xlsx; sourceTree = "<group>"; };
		9174A6A416960C8B00575B69 /* OPSexFormatter.h */ = {isa = PBXFileReference; fileEncoding = 4; lastKnownFileType = sourcecode.c.h; path = OPSexFormatter.h; sourceTree = "<group>"; };
		9174A6A516960C8B00575B69 /* OPSexFormatter.m */ = {isa = PBXFileReference; fileEncoding = 4; lastKnownFileType = sourcecode.c.objc; path = OPSexFormatter.m; sourceTree = "<group>"; };
		9176B2BF16EB599D00F51FD3 /* OPTownsDataSource.h */ = {isa = PBXFileReference; fileEncoding = 4; lastKnownFileType = sourcecode.c.h; path = OPTownsDataSource.h; sourceTree = "<group>"; };
		9176B2C016EB599D00F51FD3 /* OPTownsDataSource.m */ = {isa = PBXFileReference; fileEncoding = 4; lastKnownFileType = sourcecode.c.objc; path = OPTownsDataSource.m; sourceTree = "<group>"; };
		9176B2C516EBA22C00F51FD3 /* valid.png */ = {isa = PBXFileReference; lastKnownFileType = image.png; path = valid.png; sourceTree = "<group>"; };
		9176B2C616EBA22C00F51FD3 /* warning.png */ = {isa = PBXFileReference; lastKnownFileType = image.png; path = warning.png; sourceTree = "<group>"; };
		91773DB5163B0C09000F8673 /* OPWeightGraphView.h */ = {isa = PBXFileReference; fileEncoding = 4; lastKnownFileType = sourcecode.c.h; path = OPWeightGraphView.h; sourceTree = "<group>"; };
		91773DB6163B0C09000F8673 /* OPWeightGraphView.m */ = {isa = PBXFileReference; fileEncoding = 4; lastKnownFileType = sourcecode.c.objc; path = OPWeightGraphView.m; sourceTree = "<group>"; };
		91773DB8163B0C66000F8673 /* OPHCGraphView.h */ = {isa = PBXFileReference; fileEncoding = 4; lastKnownFileType = sourcecode.c.h; path = OPHCGraphView.h; sourceTree = "<group>"; };
		91773DB9163B0C66000F8673 /* OPHCGraphView.m */ = {isa = PBXFileReference; fileEncoding = 4; lastKnownFileType = sourcecode.c.objc; path = OPHCGraphView.m; sourceTree = "<group>"; };
		91773DBB163B11E2000F8673 /* OPBabyPatientView.h */ = {isa = PBXFileReference; fileEncoding = 4; lastKnownFileType = sourcecode.c.h; path = OPBabyPatientView.h; sourceTree = "<group>"; };
		91773DBC163B11E2000F8673 /* OPBabyPatientView.m */ = {isa = PBXFileReference; fileEncoding = 4; lastKnownFileType = sourcecode.c.objc; path = OPBabyPatientView.m; sourceTree = "<group>"; };
		917C607A16AB1DD700A5EAC0 /* new_appointment.png */ = {isa = PBXFileReference; lastKnownFileType = image.png; path = new_appointment.png; sourceTree = "<group>"; };
		918738F916A7376400D079E7 /* OPAppointmentView.h */ = {isa = PBXFileReference; fileEncoding = 4; lastKnownFileType = sourcecode.c.h; path = OPAppointmentView.h; sourceTree = "<group>"; };
		918738FA16A7376400D079E7 /* OPAppointmentView.m */ = {isa = PBXFileReference; fileEncoding = 4; lastKnownFileType = sourcecode.c.objc; path = OPAppointmentView.m; sourceTree = "<group>"; };
		918738FF16A73E1200D079E7 /* OPEditAppointmentView.h */ = {isa = PBXFileReference; fileEncoding = 4; lastKnownFileType = sourcecode.c.h; path = OPEditAppointmentView.h; sourceTree = "<group>"; };
		9187390016A73E1200D079E7 /* OPEditAppointmentView.m */ = {isa = PBXFileReference; fileEncoding = 4; lastKnownFileType = sourcecode.c.objc; path = OPEditAppointmentView.m; sourceTree = "<group>"; };
		91959F931690A1B4008EF47E /* OPInvoicePanel.h */ = {isa = PBXFileReference; fileEncoding = 4; lastKnownFileType = sourcecode.c.h; path = OPInvoicePanel.h; sourceTree = "<group>"; };
		91959F941690A1B4008EF47E /* OPInvoicePanel.m */ = {isa = PBXFileReference; fileEncoding = 4; lastKnownFileType = sourcecode.c.objc; path = OPInvoicePanel.m; sourceTree = "<group>"; };
		919F2A6F16B5B66E00D1A72E /* OPTrackingArea.h */ = {isa = PBXFileReference; fileEncoding = 4; lastKnownFileType = sourcecode.c.h; path = OPTrackingArea.h; sourceTree = "<group>"; };
		919F2A7016B5B66E00D1A72E /* OPTrackingArea.m */ = {isa = PBXFileReference; fileEncoding = 4; lastKnownFileType = sourcecode.c.objc; path = OPTrackingArea.m; sourceTree = "<group>"; };
		91A47B7C1644352B00C17A67 /* fr */ = {isa = PBXFileReference; fileEncoding = 10; lastKnownFileType = text.plist.strings; name = fr; path = fr.lproj/InfoPlist.strings; sourceTree = "<group>"; };
		91A47B7D1644352B00C17A67 /* fr */ = {isa = PBXFileReference; lastKnownFileType = text.rtf; name = fr; path = fr.lproj/Credits.rtf; sourceTree = "<group>"; };
		91A47B7E1644352B00C17A67 /* fr */ = {isa = PBXFileReference; lastKnownFileType = text.plist.strings; name = fr; path = fr.lproj/InfoPlist.strings; sourceTree = "<group>"; };
		91A7DEEE16A5EE6C008FEEA6 /* OPWeekAppointmentsView.h */ = {isa = PBXFileReference; fileEncoding = 4; lastKnownFileType = sourcecode.c.h; path = OPWeekAppointmentsView.h; sourceTree = "<group>"; };
		91A7DEEF16A5EE6C008FEEA6 /* OPWeekAppointmentsView.m */ = {isa = PBXFileReference; fileEncoding = 4; lastKnownFileType = sourcecode.c.objc; path = OPWeekAppointmentsView.m; sourceTree = "<group>"; };
		91A7DEF116A5EE96008FEEA6 /* OPDayAppointmentsView.h */ = {isa = PBXFileReference; fileEncoding = 4; lastKnownFileType = sourcecode.c.h; path = OPDayAppointmentsView.h; sourceTree = "<group>"; };
		91A7DEF216A5EE96008FEEA6 /* OPDayAppointmentsView.m */ = {isa = PBXFileReference; fileEncoding = 4; lastKnownFileType = sourcecode.c.objc; path = OPDayAppointmentsView.m; sourceTree = "<group>"; };
		91AB001E16A2F6440093F903 /* delete.png */ = {isa = PBXFileReference; lastKnownFileType = image.png; path = delete.png; sourceTree = "<group>"; };
		91AB002016A301850093F903 /* add_consultation.png */ = {isa = PBXFileReference; lastKnownFileType = image.png; path = add_consultation.png; sourceTree = "<group>"; };
		91AB002116A301850093F903 /* add_document.png */ = {isa = PBXFileReference; lastKnownFileType = image.png; path = add_document.png; sourceTree = "<group>"; };
		91AB002216A301850093F903 /* add_user.png */ = {isa = PBXFileReference; lastKnownFileType = image.png; path = add_user.png; sourceTree = "<group>"; };
		91AB002316A301850093F903 /* check.png */ = {isa = PBXFileReference; lastKnownFileType = image.png; path = check.png; sourceTree = "<group>"; };
		91AB002416A301850093F903 /* invoice.png */ = {isa = PBXFileReference; lastKnownFileType = image.png; path = invoice.png; sourceTree = "<group>"; };
		91AB002A16A30F060093F903 /* cash.png */ = {isa = PBXFileReference; lastKnownFileType = image.png; path = cash.png; sourceTree = "<group>"; };
		91AB002B16A30F060093F903 /* cheque.png */ = {isa = PBXFileReference; lastKnownFileType = image.png; path = cheque.png; sourceTree = "<group>"; };
		91AB002C16A30F060093F903 /* printer.png */ = {isa = PBXFileReference; lastKnownFileType = image.png; path = printer.png; sourceTree = "<group>"; };
		91AB003016A3107F0093F903 /* import.png */ = {isa = PBXFileReference; lastKnownFileType = image.png; path = import.png; sourceTree = "<group>"; };
		91AB003216A311370093F903 /* scanner.png */ = {isa = PBXFileReference; lastKnownFileType = image.png; path = scanner.png; sourceTree = "<group>"; };
		91AB003616A3128F0093F903 /* mail.png */ = {isa = PBXFileReference; lastKnownFileType = image.png; path = mail.png; sourceTree = "<group>"; };
		91ACB7FC1508CEF200DB0393 /* Quartz.framework */ = {isa = PBXFileReference; lastKnownFileType = wrapper.framework; name = Quartz.framework; path = System/Library/Frameworks/Quartz.framework; sourceTree = SDKROOT; };
		91B128631598A4BB00AFC5B9 /* OPAdultMalePatientView.h */ = {isa = PBXFileReference; fileEncoding = 4; lastKnownFileType = sourcecode.c.h; path = OPAdultMalePatientView.h; sourceTree = "<group>"; };
		91B128641598A4BB00AFC5B9 /* OPAdultMalePatientView.m */ = {isa = PBXFileReference; fileEncoding = 4; lastKnownFileType = sourcecode.c.objc; path = OPAdultMalePatientView.m; sourceTree = "<group>"; };
		91B31AB3168B2DAA00416CF1 /* QuartzCore.framework */ = {isa = PBXFileReference; lastKnownFileType = wrapper.framework; name = QuartzCore.framework; path = System/Library/Frameworks/QuartzCore.framework; sourceTree = SDKROOT; };
		91B31AB5168B2F0D00416CF1 /* AppKit.framework */ = {isa = PBXFileReference; lastKnownFileType = wrapper.framework; name = AppKit.framework; path = System/Library/Frameworks/AppKit.framework; sourceTree = SDKROOT; };
		91B31AB7168B54F500416CF1 /* ImageCaptureCore.framework */ = {isa = PBXFileReference; lastKnownFileType = wrapper.framework; name = ImageCaptureCore.framework; path = System/Library/Frameworks/ImageCaptureCore.framework; sourceTree = SDKROOT; };
		91BD268716B40C7E0010E102 /* OPAppointmentPanel.h */ = {isa = PBXFileReference; fileEncoding = 4; lastKnownFileType = sourcecode.c.h; path = OPAppointmentPanel.h; sourceTree = "<group>"; };
		91BD268816B40C7E0010E102 /* OPAppointmentPanel.m */ = {isa = PBXFileReference; fileEncoding = 4; lastKnownFileType = sourcecode.c.objc; path = OPAppointmentPanel.m; sourceTree = "<group>"; };
		91CAD6C91598B71B00163FB1 /* OPExistingPatientView.h */ = {isa = PBXFileReference; fileEncoding = 4; lastKnownFileType = sourcecode.c.h; path = OPExistingPatientView.h; sourceTree = "<group>"; };
		91CAD6CA1598B71B00163FB1 /* OPExistingPatientView.m */ = {isa = PBXFileReference; fileEncoding = 4; lastKnownFileType = sourcecode.c.objc; path = OPExistingPatientView.m; sourceTree = "<group>"; };
		91CEF6F0159C618A001D5265 /* OPConsultationView.h */ = {isa = PBXFileReference; fileEncoding = 4; lastKnownFileType = sourcecode.c.h; path = OPConsultationView.h; sourceTree = "<group>"; };
		91CEF6F1159C618A001D5265 /* OPConsultationView.m */ = {isa = PBXFileReference; fileEncoding = 4; lastKnownFileType = sourcecode.c.objc; path = OPConsultationView.m; sourceTree = "<group>"; };
		91D3AA6C1629BA8800941E2C /* CorePlot.xcodeproj */ = {isa = PBXFileReference; lastKnownFileType = "wrapper.pb-project"; name = CorePlot.xcodeproj; path = CorePlot/Source/framework/CorePlot.xcodeproj; sourceTree = "<group>"; };
		91E7320B150E2D0300F74EBB /* OPPatientsView.h */ = {isa = PBXFileReference; fileEncoding = 4; lastKnownFileType = sourcecode.c.h; path = OPPatientsView.h; sourceTree = "<group>"; };
		91E7320C150E2D0300F74EBB /* OPPatientsView.m */ = {isa = PBXFileReference; fileEncoding = 4; lastKnownFileType = sourcecode.c.objc; path = OPPatientsView.m; sourceTree = "<group>"; };
		91E7320E150E2D6C00F74EBB /* OPPatientSearchView.h */ = {isa = PBXFileReference; fileEncoding = 4; lastKnownFileType = sourcecode.c.h; path = OPPatientSearchView.h; sourceTree = "<group>"; };
		91E7320F150E2D6C00F74EBB /* OPPatientSearchView.m */ = {isa = PBXFileReference; fileEncoding = 4; lastKnownFileType = sourcecode.c.objc; path = OPPatientSearchView.m; sourceTree = "<group>"; };
		91EF2C25150BBAAC008D7F3A /* accounting.png */ = {isa = PBXFileReference; lastKnownFileType = image.png; path = accounting.png; sourceTree = "<group>"; };
		91EF2C26150BBAAC008D7F3A /* calendar.png */ = {isa = PBXFileReference; lastKnownFileType = image.png; path = calendar.png; sourceTree = "<group>"; };
		91EF2C27150BBAAC008D7F3A /* home.png */ = {isa = PBXFileReference; lastKnownFileType = image.png; path = home.png; sourceTree = "<group>"; };
		91EF2C28150BBAAC008D7F3A /* network.png */ = {isa = PBXFileReference; lastKnownFileType = image.png; path = network.png; sourceTree = "<group>"; };
		91EF2C2A150BBAAC008D7F3A /* patients.png */ = {isa = PBXFileReference; lastKnownFileType = image.png; path = patients.png; sourceTree = "<group>"; };
		91EF2C2B150BBAAC008D7F3A /* statistics.png */ = {isa = PBXFileReference; lastKnownFileType = image.png; path = statistics.png; sourceTree = "<group>"; };
/* End PBXFileReference section */

/* Begin PBXFrameworksBuildPhase section */
		9157710815067B73009E2B73 /* Frameworks */ = {
			isa = PBXFrameworksBuildPhase;
			buildActionMask = 2147483647;
			files = (
				91B31AB8168B54F500416CF1 /* ImageCaptureCore.framework in Frameworks */,
				91B31AB6168B2F0D00416CF1 /* AppKit.framework in Frameworks */,
				91B31AB4168B2DAA00416CF1 /* QuartzCore.framework in Frameworks */,
				91ACB7FD1508CEF200DB0393 /* Quartz.framework in Frameworks */,
				916244BE166A7C210000D50A /* AddressBook.framework in Frameworks */,
				91D3AA7C1629BAC300941E2C /* CorePlot.framework in Frameworks */,
				9171736E1535E2E100D1D702 /* libsqlite3.dylib in Frameworks */,
				915CEF85150E4442007E6E6D /* WebKit.framework in Frameworks */,
				9157711015067B73009E2B73 /* Cocoa.framework in Frameworks */,
			);
			runOnlyForDeploymentPostprocessing = 0;
		};
		9157712B15067B74009E2B73 /* Frameworks */ = {
			isa = PBXFrameworksBuildPhase;
			buildActionMask = 2147483647;
			files = (
				9157713115067B74009E2B73 /* SenTestingKit.framework in Frameworks */,
				9157713215067B74009E2B73 /* Cocoa.framework in Frameworks */,
			);
			runOnlyForDeploymentPostprocessing = 0;
		};
/* End PBXFrameworksBuildPhase section */

/* Begin PBXGroup section */
		9157710015067B73009E2B73 = {
			isa = PBXGroup;
			children = (
				910635B516A33D6900859D5B /* opale.icns */,
				91D3AA6C1629BA8800941E2C /* CorePlot.xcodeproj */,
				9157711515067B73009E2B73 /* Opale */,
				9157713515067B74009E2B73 /* OpaleTests */,
				9157710E15067B73009E2B73 /* Frameworks */,
				9157710C15067B73009E2B73 /* Products */,
			);
			sourceTree = "<group>";
			usesTabs = 0;
		};
		9157710C15067B73009E2B73 /* Products */ = {
			isa = PBXGroup;
			children = (
				9157710B15067B73009E2B73 /* Opale.app */,
				9157712F15067B74009E2B73 /* OpaleTests.octest */,
			);
			name = Products;
			sourceTree = "<group>";
		};
		9157710E15067B73009E2B73 /* Frameworks */ = {
			isa = PBXGroup;
			children = (
				91B31AB7168B54F500416CF1 /* ImageCaptureCore.framework */,
				91B31AB5168B2F0D00416CF1 /* AppKit.framework */,
				9157711315067B73009E2B73 /* CoreData.framework */,
				9157711415067B73009E2B73 /* Foundation.framework */,
				91B31AB3168B2DAA00416CF1 /* QuartzCore.framework */,
				9171736D1535E2E100D1D702 /* libsqlite3.dylib */,
				916244BD166A7C210000D50A /* AddressBook.framework */,
				915CEF84150E4442007E6E6D /* WebKit.framework */,
				91ACB7FC1508CEF200DB0393 /* Quartz.framework */,
				9157710F15067B73009E2B73 /* Cocoa.framework */,
				9157713015067B74009E2B73 /* SenTestingKit.framework */,
			);
			name = Frameworks;
			sourceTree = "<group>";
		};
		9157711515067B73009E2B73 /* Opale */ = {
			isa = PBXGroup;
			children = (
				91E73209150E288500F74EBB /* Model */,
				91E73207150E286F00F74EBB /* View */,
				9157711615067B73009E2B73 /* Supporting Files */,
			);
			path = Opale;
			sourceTree = "<group>";
		};
		9157711615067B73009E2B73 /* Supporting Files */ = {
			isa = PBXGroup;
			children = (
				9157711715067B73009E2B73 /* Opale-Info.plist */,
				9157711815067B73009E2B73 /* InfoPlist.strings */,
				9157711B15067B73009E2B73 /* main.m */,
				9157711D15067B73009E2B73 /* Opale-Prefix.pch */,
				9157711E15067B73009E2B73 /* Credits.rtf */,
			);
			name = "Supporting Files";
			sourceTree = "<group>";
		};
		9157713515067B74009E2B73 /* OpaleTests */ = {
			isa = PBXGroup;
			children = (
				9157713B15067B74009E2B73 /* OpaleTests.h */,
				9157713C15067B74009E2B73 /* OpaleTests.m */,
				9157713615067B74009E2B73 /* Supporting Files */,
			);
			path = OpaleTests;
			sourceTree = "<group>";
		};
		9157713615067B74009E2B73 /* Supporting Files */ = {
			isa = PBXGroup;
			children = (
				9157713715067B74009E2B73 /* OpaleTests-Info.plist */,
				9157713815067B74009E2B73 /* InfoPlist.strings */,
			);
			name = "Supporting Files";
			sourceTree = "<group>";
		};
		91577152150698B2009E2B73 /* Resources */ = {
			isa = PBXGroup;
			children = (
				91AB003416A311470093F903 /* Icons */,
				91ECDA63163DCE4500480773 /* Templates */,
				91AB003516A311680093F903 /* Datasources */,
			);
			name = Resources;
			sourceTree = "<group>";
		};
		9174A6A316960AB300575B69 /* Formatters */ = {
			isa = PBXGroup;
			children = (
				9174A6A416960C8B00575B69 /* OPSexFormatter.h */,
				9174A6A516960C8B00575B69 /* OPSexFormatter.m */,
				914594B616962C9E003016FF /* OPPhoneNumberFormatter.h */,
				914594B716962C9E003016FF /* OPPhoneNumberFormatter.m */,
			);
			name = Formatters;
			sourceTree = "<group>";
		};
		9176B2C416EB5A7500F51FD3 /* DataSources */ = {
			isa = PBXGroup;
			children = (
				9176B2BF16EB599D00F51FD3 /* OPTownsDataSource.h */,
				9176B2C016EB599D00F51FD3 /* OPTownsDataSource.m */,
			);
			name = DataSources;
			sourceTree = "<group>";
		};
		91AB003416A311470093F903 /* Icons */ = {
			isa = PBXGroup;
			children = (
				9176B2C516EBA22C00F51FD3 /* valid.png */,
				9176B2C616EBA22C00F51FD3 /* warning.png */,
				917C607A16AB1DD700A5EAC0 /* new_appointment.png */,
				91AB003616A3128F0093F903 /* mail.png */,
				91AB002A16A30F060093F903 /* cash.png */,
				91AB002B16A30F060093F903 /* cheque.png */,
				91AB002C16A30F060093F903 /* printer.png */,
				91AB001E16A2F6440093F903 /* delete.png */,
				91AB002016A301850093F903 /* add_consultation.png */,
				91AB002116A301850093F903 /* add_document.png */,
				91AB002216A301850093F903 /* add_user.png */,
				91AB002316A301850093F903 /* check.png */,
				91AB003016A3107F0093F903 /* import.png */,
				91AB002416A301850093F903 /* invoice.png */,
				915CEF87150E499E007E6E6D /* search.png */,
				91EF2C25150BBAAC008D7F3A /* accounting.png */,
				91EF2C26150BBAAC008D7F3A /* calendar.png */,
				91EF2C27150BBAAC008D7F3A /* home.png */,
				91EF2C28150BBAAC008D7F3A /* network.png */,
				91EF2C2A150BBAAC008D7F3A /* patients.png */,
				91AB003216A311370093F903 /* scanner.png */,
				91EF2C2B150BBAAC008D7F3A /* statistics.png */,
				915BE2F916A19108009196E5 /* trash.png */,
			);
			name = Icons;
			sourceTree = "<group>";
		};
		91AB003516A311680093F903 /* Datasources */ = {
			isa = PBXGroup;
			children = (
				914594B9169651E7003016FF /* fr_postal_codes.csv */,
				912C0EBE162087BC009A5090 /* avg_hc.csv */,
				912C0EBF162087BC009A5090 /* avg_height.csv */,
				912C0EC0162087BC009A5090 /* avg_weight.csv */,
			);
			name = Datasources;
			sourceTree = "<group>";
		};
		91C5A3E0150882F60070BB12 /* Classes */ = {
			isa = PBXGroup;
			children = (
				9176B2C416EB5A7500F51FD3 /* DataSources */,
				9174A6A316960AB300575B69 /* Formatters */,
				9157712115067B73009E2B73 /* OPAppDelegate.h */,
				9157712215067B73009E2B73 /* OPAppDelegate.m */,
				9157714615068769009E2B73 /* OPMainWindow.h */,
				9157714715068769009E2B73 /* OPMainWindow.m */,
				911F923F1508A05C00FD3B34 /* OPView.h */,
				911F92401508A05C00FD3B34 /* OPView.m */,
				91E7320B150E2D0300F74EBB /* OPPatientsView.h */,
				91E7320C150E2D0300F74EBB /* OPPatientsView.m */,
				91E7320E150E2D6C00F74EBB /* OPPatientSearchView.h */,
				91E7320F150E2D6C00F74EBB /* OPPatientSearchView.m */,
				91360C8B150E6FA1000E00D2 /* OPNewPatientView.h */,
				91360C8C150E6FA1000E00D2 /* OPNewPatientView.m */,
				91CAD6C91598B71B00163FB1 /* OPExistingPatientView.h */,
				91CAD6CA1598B71B00163FB1 /* OPExistingPatientView.m */,
				91B128631598A4BB00AFC5B9 /* OPAdultMalePatientView.h */,
				91B128641598A4BB00AFC5B9 /* OPAdultMalePatientView.m */,
				911E7F8215B4133000FC2A3F /* OPAdultFemalePatientView.h */,
				911E7F8315B4133000FC2A3F /* OPAdultFemalePatientView.m */,
				912995A617D51EB100750522 /* OPChildPatientView.h */,
				912995A717D51EB100750522 /* OPChildPatientView.m */,
				91773DBB163B11E2000F8673 /* OPBabyPatientView.h */,
				91773DBC163B11E2000F8673 /* OPBabyPatientView.m */,
				91CEF6F0159C618A001D5265 /* OPConsultationView.h */,
				91CEF6F1159C618A001D5265 /* OPConsultationView.m */,
				9166DDD41698A3E300583379 /* OPGraphView.h */,
				9166DDD51698A3E400583379 /* OPGraphView.m */,
				912C0ED516208D7D009A5090 /* OPHeightGraphView.h */,
				912C0ED616208D7D009A5090 /* OPHeightGraphView.m */,
				91773DB5163B0C09000F8673 /* OPWeightGraphView.h */,
				91773DB6163B0C09000F8673 /* OPWeightGraphView.m */,
				91773DB8163B0C66000F8673 /* OPHCGraphView.h */,
				91773DB9163B0C66000F8673 /* OPHCGraphView.m */,
				91959F931690A1B4008EF47E /* OPInvoicePanel.h */,
				91959F941690A1B4008EF47E /* OPInvoicePanel.m */,
				91680CD51690F7FA00A3C67E /* OPInvoiceView.h */,
				91680CD61690F7FA00A3C67E /* OPInvoiceView.m */,
				91595523166A923E0084D837 /* OPScanningView.h */,
				91595524166A923E0084D837 /* OPScanningView.m */,
				915DE40C16A49B9D00D17737 /* OPCalendarView.h */,
				915DE40D16A49B9D00D17737 /* OPCalendarView.m */,
				91A7DEEE16A5EE6C008FEEA6 /* OPWeekAppointmentsView.h */,
				91A7DEEF16A5EE6C008FEEA6 /* OPWeekAppointmentsView.m */,
				91A7DEF116A5EE96008FEEA6 /* OPDayAppointmentsView.h */,
				91A7DEF216A5EE96008FEEA6 /* OPDayAppointmentsView.m */,
				9136E86E16A88F05007BAE82 /* OPDayView.h */,
				9136E86F16A88F05007BAE82 /* OPDayView.m */,
				919F2A6F16B5B66E00D1A72E /* OPTrackingArea.h */,
				919F2A7016B5B66E00D1A72E /* OPTrackingArea.m */,
				918738F916A7376400D079E7 /* OPAppointmentView.h */,
				918738FA16A7376400D079E7 /* OPAppointmentView.m */,
				918738FF16A73E1200D079E7 /* OPEditAppointmentView.h */,
				9187390016A73E1200D079E7 /* OPEditAppointmentView.m */,
				91BD268716B40C7E0010E102 /* OPAppointmentPanel.h */,
				91BD268816B40C7E0010E102 /* OPAppointmentPanel.m */,
				9150AC21177F6D7000E12915 /* OPProfessionalsView.h */,
				9150AC22177F6D7100E12915 /* OPProfessionalsView.m */,
				916244AB166A6FE30000D50A /* OPProfessionalSearchView.h */,
				916244AC166A6FE30000D50A /* OPProfessionalSearchView.m */,
				9150AC24177F6E2200E12915 /* OPNewProfessionalView.h */,
				9150AC25177F6E2300E12915 /* OPNewProfessionalView.m */,
				9150AC27177F6FE900E12915 /* OPProfessionalView.h */,
				9150AC28177F6FEA00E12915 /* OPProfessionalView.m */,
			);
			name = Classes;
			sourceTree = "<group>";
		};
		91C5A3E1150883050070BB12 /* Design */ = {
			isa = PBXGroup;
			children = (
				9157712415067B74009E2B73 /* OPMainWindow.xib */,
				917173781535EB0600D1D702 /* Maquette.xlsx */,
			);
			name = Design;
			sourceTree = "<group>";
		};
		91D3AA6D1629BA8800941E2C /* Products */ = {
			isa = PBXGroup;
			children = (
				91D3AA761629BA8800941E2C /* CorePlot.framework */,
				91D3AA781629BA8800941E2C /* UnitTests.octest */,
			);
			name = Products;
			sourceTree = "<group>";
		};
		91E73207150E286F00F74EBB /* View */ = {
			isa = PBXGroup;
			children = (
				91C5A3E1150883050070BB12 /* Design */,
				91C5A3E0150882F60070BB12 /* Classes */,
				91577152150698B2009E2B73 /* Resources */,
			);
			name = View;
			sourceTree = "<group>";
		};
		91E73209150E288500F74EBB /* Model */ = {
			isa = PBXGroup;
			children = (
				9157712715067B74009E2B73 /* Opale.xcdatamodeld */,
				913DC7B517D28DD7001F31B8 /* OPMeasure.h */,
				913DC7B617D28DD7001F31B8 /* OPMeasure.m */,
				913DC7B217D28DD7001F31B8 /* OPTown.h */,
				913DC7B317D28DD7001F31B8 /* OPTown.m */,
				913DC7AF17D28DD7001F31B8 /* OPDocument.h */,
				913DC7B017D28DD7001F31B8 /* OPDocument.m */,
				913DC7AC17D28DD7001F31B8 /* OPPatient.h */,
				913DC7AD17D28DD7001F31B8 /* OPPatient.m */,
				913DC7A917D28DD6001F31B8 /* OPConsultation.h */,
				913DC7AA17D28DD6001F31B8 /* OPConsultation.m */,
				913DC7A617D28DD5001F31B8 /* OPMail.h */,
				913DC7A717D28DD5001F31B8 /* OPMail.m */,
				913DC7A317D28DD5001F31B8 /* OPAppointment.h */,
				913DC7A417D28DD5001F31B8 /* OPAppointment.m */,
				913DC7A017D28DD5001F31B8 /* OPInvoice.h */,
				913DC7A117D28DD5001F31B8 /* OPInvoice.m */,
				913DC79D17D28DD4001F31B8 /* OPProfessional.h */,
				913DC79E17D28DD4001F31B8 /* OPProfessional.m */,
			);
			name = Model;
			sourceTree = "<group>";
		};
		91ECDA63163DCE4500480773 /* Templates */ = {
			isa = PBXGroup;
			children = (
				910CB9E516433B950065834D /* Mail_Template.docx */,
			);
			path = Templates;
			sourceTree = "<group>";
		};
/* End PBXGroup section */

/* Begin PBXNativeTarget section */
		9157710A15067B73009E2B73 /* Opale */ = {
			isa = PBXNativeTarget;
			buildConfigurationList = 9157714015067B74009E2B73 /* Build configuration list for PBXNativeTarget "Opale" */;
			buildPhases = (
				9157710715067B73009E2B73 /* Sources */,
				9157710815067B73009E2B73 /* Frameworks */,
				9157710915067B73009E2B73 /* Resources */,
			);
			buildRules = (
			);
			dependencies = (
				91D3AA7B1629BAB600941E2C /* PBXTargetDependency */,
			);
			name = Opale;
			productName = Opale;
			productReference = 9157710B15067B73009E2B73 /* Opale.app */;
			productType = "com.apple.product-type.application";
		};
		9157712E15067B74009E2B73 /* OpaleTests */ = {
			isa = PBXNativeTarget;
			buildConfigurationList = 9157714315067B74009E2B73 /* Build configuration list for PBXNativeTarget "OpaleTests" */;
			buildPhases = (
				9157712A15067B74009E2B73 /* Sources */,
				9157712B15067B74009E2B73 /* Frameworks */,
				9157712C15067B74009E2B73 /* Resources */,
				9157712D15067B74009E2B73 /* ShellScript */,
			);
			buildRules = (
			);
			dependencies = (
				9157713415067B74009E2B73 /* PBXTargetDependency */,
			);
			name = OpaleTests;
			productName = OpaleTests;
			productReference = 9157712F15067B74009E2B73 /* OpaleTests.octest */;
			productType = "com.apple.product-type.bundle";
		};
/* End PBXNativeTarget section */

/* Begin PBXProject section */
		9157710215067B73009E2B73 /* Project object */ = {
			isa = PBXProject;
			attributes = {
				CLASSPREFIX = OP;
				LastUpgradeCheck = 0500;
			};
			buildConfigurationList = 9157710515067B73009E2B73 /* Build configuration list for PBXProject "Opale" */;
			compatibilityVersion = "Xcode 3.2";
			developmentRegion = English;
			hasScannedForEncodings = 0;
			knownRegions = (
				en,
				English,
				fr,
				Base,
			);
			mainGroup = 9157710015067B73009E2B73;
			productRefGroup = 9157710C15067B73009E2B73 /* Products */;
			projectDirPath = "";
			projectReferences = (
				{
					ProductGroup = 91D3AA6D1629BA8800941E2C /* Products */;
					ProjectRef = 91D3AA6C1629BA8800941E2C /* CorePlot.xcodeproj */;
				},
			);
			projectRoot = "";
			targets = (
				9157710A15067B73009E2B73 /* Opale */,
				9157712E15067B74009E2B73 /* OpaleTests */,
			);
		};
/* End PBXProject section */

/* Begin PBXReferenceProxy section */
		91D3AA761629BA8800941E2C /* CorePlot.framework */ = {
			isa = PBXReferenceProxy;
			fileType = wrapper.framework;
			path = CorePlot.framework;
			remoteRef = 91D3AA751629BA8800941E2C /* PBXContainerItemProxy */;
			sourceTree = BUILT_PRODUCTS_DIR;
		};
		91D3AA781629BA8800941E2C /* UnitTests.octest */ = {
			isa = PBXReferenceProxy;
			fileType = wrapper.cfbundle;
			path = UnitTests.octest;
			remoteRef = 91D3AA771629BA8800941E2C /* PBXContainerItemProxy */;
			sourceTree = BUILT_PRODUCTS_DIR;
		};
/* End PBXReferenceProxy section */

/* Begin PBXResourcesBuildPhase section */
		9157710915067B73009E2B73 /* Resources */ = {
			isa = PBXResourcesBuildPhase;
			buildActionMask = 2147483647;
			files = (
				91218D39166BFD9F00F11E00 /* OPMainWindow.xib in Resources */,
				910635B716A33DAD00859D5B /* opale.icns in Resources */,
				9157711A15067B73009E2B73 /* InfoPlist.strings in Resources */,
				9157712015067B73009E2B73 /* Credits.rtf in Resources */,
				91EF2C2C150BBAAC008D7F3A /* accounting.png in Resources */,
				91EF2C2D150BBAAC008D7F3A /* calendar.png in Resources */,
				91EF2C2E150BBAAC008D7F3A /* home.png in Resources */,
				91EF2C2F150BBAAC008D7F3A /* network.png in Resources */,
				91EF2C31150BBAAC008D7F3A /* patients.png in Resources */,
				91EF2C32150BBAAC008D7F3A /* statistics.png in Resources */,
				915CEF89150E499E007E6E6D /* search.png in Resources */,
				912C0EC1162087BC009A5090 /* avg_hc.csv in Resources */,
				912C0EC2162087BC009A5090 /* avg_height.csv in Resources */,
				912C0EC3162087BC009A5090 /* avg_weight.csv in Resources */,
				910CB9E616433B960065834D /* Mail_Template.docx in Resources */,
				914594BA169651E7003016FF /* fr_postal_codes.csv in Resources */,
				915BE2FA16A19108009196E5 /* trash.png in Resources */,
				91AB001F16A2F6440093F903 /* delete.png in Resources */,
				91AB002516A301850093F903 /* add_consultation.png in Resources */,
				91AB002616A301850093F903 /* add_document.png in Resources */,
				91AB002716A301850093F903 /* add_user.png in Resources */,
				91AB002816A301850093F903 /* check.png in Resources */,
				91AB002916A301850093F903 /* invoice.png in Resources */,
				91AB002D16A30F060093F903 /* cash.png in Resources */,
				91AB002E16A30F060093F903 /* cheque.png in Resources */,
				91AB002F16A30F060093F903 /* printer.png in Resources */,
				91AB003116A3107F0093F903 /* import.png in Resources */,
				91AB003316A311380093F903 /* scanner.png in Resources */,
				91AB003716A3128F0093F903 /* mail.png in Resources */,
				917C607B16AB1DD700A5EAC0 /* new_appointment.png in Resources */,
				9176B2C716EBA22C00F51FD3 /* valid.png in Resources */,
				9176B2C816EBA22C00F51FD3 /* warning.png in Resources */,
			);
			runOnlyForDeploymentPostprocessing = 0;
		};
		9157712C15067B74009E2B73 /* Resources */ = {
			isa = PBXResourcesBuildPhase;
			buildActionMask = 2147483647;
			files = (
				9157713A15067B74009E2B73 /* InfoPlist.strings in Resources */,
			);
			runOnlyForDeploymentPostprocessing = 0;
		};
/* End PBXResourcesBuildPhase section */

/* Begin PBXShellScriptBuildPhase section */
		9157712D15067B74009E2B73 /* ShellScript */ = {
			isa = PBXShellScriptBuildPhase;
			buildActionMask = 2147483647;
			files = (
			);
			inputPaths = (
			);
			outputPaths = (
			);
			runOnlyForDeploymentPostprocessing = 0;
			shellPath = /bin/sh;
			shellScript = "# Run the unit tests in this test bundle.\n\"${SYSTEM_DEVELOPER_DIR}/Tools/RunUnitTests\"\n";
		};
/* End PBXShellScriptBuildPhase section */

/* Begin PBXSourcesBuildPhase section */
		9157710715067B73009E2B73 /* Sources */ = {
			isa = PBXSourcesBuildPhase;
			buildActionMask = 2147483647;
			files = (
				9157711C15067B73009E2B73 /* main.m in Sources */,
				9157712315067B73009E2B73 /* OPAppDelegate.m in Sources */,
				9157712915067B74009E2B73 /* Opale.xcdatamodeld in Sources */,
				9157714815068769009E2B73 /* OPMainWindow.m in Sources */,
				911F92411508A05C00FD3B34 /* OPView.m in Sources */,
				91E7320D150E2D0300F74EBB /* OPPatientsView.m in Sources */,
				91E73210150E2D6C00F74EBB /* OPPatientSearchView.m in Sources */,
				91360C8D150E6FA1000E00D2 /* OPNewPatientView.m in Sources */,
				91B128651598A4BB00AFC5B9 /* OPAdultMalePatientView.m in Sources */,
				91CAD6CB1598B71B00163FB1 /* OPExistingPatientView.m in Sources */,
				91CEF6F2159C618A001D5265 /* OPConsultationView.m in Sources */,
				911E7F8415B4133000FC2A3F /* OPAdultFemalePatientView.m in Sources */,
				912C0ED716208D7D009A5090 /* OPHeightGraphView.m in Sources */,
				91773DB7163B0C09000F8673 /* OPWeightGraphView.m in Sources */,
				91773DBA163B0C66000F8673 /* OPHCGraphView.m in Sources */,
				91773DBD163B11E2000F8673 /* OPBabyPatientView.m in Sources */,
				916244AD166A6FE30000D50A /* OPProfessionalSearchView.m in Sources */,
				91595525166A923E0084D837 /* OPScanningView.m in Sources */,
				91959F951690A1B4008EF47E /* OPInvoicePanel.m in Sources */,
				91680CD71690F7FA00A3C67E /* OPInvoiceView.m in Sources */,
				9174A6A616960C8B00575B69 /* OPSexFormatter.m in Sources */,
				914594B816962C9E003016FF /* OPPhoneNumberFormatter.m in Sources */,
				9166DDD61698A3E500583379 /* OPGraphView.m in Sources */,
				915DE40E16A49B9D00D17737 /* OPCalendarView.m in Sources */,
				91A7DEF016A5EE6C008FEEA6 /* OPWeekAppointmentsView.m in Sources */,
				91A7DEF316A5EE96008FEEA6 /* OPDayAppointmentsView.m in Sources */,
				918738FB16A7376400D079E7 /* OPAppointmentView.m in Sources */,
				9187390116A73E1200D079E7 /* OPEditAppointmentView.m in Sources */,
				9136E87016A88F06007BAE82 /* OPDayView.m in Sources */,
				91BD268916B40C7F0010E102 /* OPAppointmentPanel.m in Sources */,
				919F2A7116B5B66E00D1A72E /* OPTrackingArea.m in Sources */,
				9176B2C116EB599D00F51FD3 /* OPTownsDataSource.m in Sources */,
				9150AC23177F6D7100E12915 /* OPProfessionalsView.m in Sources */,
				9150AC26177F6E2300E12915 /* OPNewProfessionalView.m in Sources */,
				9150AC29177F6FEB00E12915 /* OPProfessionalView.m in Sources */,
				913DC79F17D28DD4001F31B8 /* OPProfessional.m in Sources */,
				913DC7A217D28DD5001F31B8 /* OPInvoice.m in Sources */,
				913DC7A517D28DD5001F31B8 /* OPAppointment.m in Sources */,
				913DC7A817D28DD6001F31B8 /* OPMail.m in Sources */,
				913DC7AB17D28DD6001F31B8 /* OPConsultation.m in Sources */,
				913DC7AE17D28DD7001F31B8 /* OPPatient.m in Sources */,
				913DC7B117D28DD7001F31B8 /* OPDocument.m in Sources */,
				913DC7B417D28DD7001F31B8 /* OPTown.m in Sources */,
				913DC7B717D28DD7001F31B8 /* OPMeasure.m in Sources */,
				912995A817D51EB100750522 /* OPChildPatientView.m in Sources */,
			);
			runOnlyForDeploymentPostprocessing = 0;
		};
		9157712A15067B74009E2B73 /* Sources */ = {
			isa = PBXSourcesBuildPhase;
			buildActionMask = 2147483647;
			files = (
				9157713D15067B74009E2B73 /* OpaleTests.m in Sources */,
			);
			runOnlyForDeploymentPostprocessing = 0;
		};
/* End PBXSourcesBuildPhase section */

/* Begin PBXTargetDependency section */
		9157713415067B74009E2B73 /* PBXTargetDependency */ = {
			isa = PBXTargetDependency;
			target = 9157710A15067B73009E2B73 /* Opale */;
			targetProxy = 9157713315067B74009E2B73 /* PBXContainerItemProxy */;
		};
		91D3AA7B1629BAB600941E2C /* PBXTargetDependency */ = {
			isa = PBXTargetDependency;
			name = CorePlot;
			targetProxy = 91D3AA7A1629BAB600941E2C /* PBXContainerItemProxy */;
		};
/* End PBXTargetDependency section */

/* Begin PBXVariantGroup section */
		9157711815067B73009E2B73 /* InfoPlist.strings */ = {
			isa = PBXVariantGroup;
			children = (
				9157711915067B73009E2B73 /* en */,
				91A47B7C1644352B00C17A67 /* fr */,
			);
			name = InfoPlist.strings;
			sourceTree = "<group>";
		};
		9157711E15067B73009E2B73 /* Credits.rtf */ = {
			isa = PBXVariantGroup;
			children = (
				9157711F15067B73009E2B73 /* en */,
				91A47B7D1644352B00C17A67 /* fr */,
			);
			name = Credits.rtf;
			sourceTree = "<group>";
		};
		9157712415067B74009E2B73 /* OPMainWindow.xib */ = {
			isa = PBXVariantGroup;
			children = (
				91595522166A836E0084D837 /* Base */,
			);
			name = OPMainWindow.xib;
			sourceTree = "<group>";
		};
		9157713815067B74009E2B73 /* InfoPlist.strings */ = {
			isa = PBXVariantGroup;
			children = (
				9157713915067B74009E2B73 /* en */,
				91A47B7E1644352B00C17A67 /* fr */,
			);
			name = InfoPlist.strings;
			sourceTree = "<group>";
		};
/* End PBXVariantGroup section */

/* Begin XCBuildConfiguration section */
		9157713E15067B74009E2B73 /* Debug */ = {
			isa = XCBuildConfiguration;
			buildSettings = {
				ALWAYS_SEARCH_USER_PATHS = NO;
				CLANG_ENABLE_OBJC_ARC = YES;
				CLANG_WARN_BOOL_CONVERSION = YES;
				CLANG_WARN_CONSTANT_CONVERSION = YES;
				CLANG_WARN_EMPTY_BODY = YES;
				CLANG_WARN_ENUM_CONVERSION = YES;
				CLANG_WARN_INT_CONVERSION = YES;
				CLANG_WARN__DUPLICATE_METHOD_MATCH = YES;
				COPY_PHASE_STRIP = NO;
				EXCLUDED_RECURSIVE_SEARCH_PATH_SUBDIRECTORIES = "*.nib *.lproj *.framework *.gch *.xcode* (*) .DS_Store CVS .svn .git .hg *.xib";
				GCC_C_LANGUAGE_STANDARD = gnu99;
				GCC_DYNAMIC_NO_PIC = NO;
				GCC_ENABLE_OBJC_EXCEPTIONS = YES;
				GCC_OPTIMIZATION_LEVEL = 0;
				GCC_PREPROCESSOR_DEFINITIONS = (
					"DEBUG=1",
					"$(inherited)",
				);
				GCC_SYMBOLS_PRIVATE_EXTERN = NO;
				GCC_VERSION = com.apple.compilers.llvm.clang.1_0;
				GCC_WARN_64_TO_32_BIT_CONVERSION = YES;
				GCC_WARN_ABOUT_RETURN_TYPE = YES;
				GCC_WARN_UNDECLARED_SELECTOR = YES;
				GCC_WARN_UNINITIALIZED_AUTOS = YES;
				GCC_WARN_UNUSED_FUNCTION = YES;
				GCC_WARN_UNUSED_VARIABLE = YES;
				MACOSX_DEPLOYMENT_TARGET = 10.8;
				ONLY_ACTIVE_ARCH = YES;
				SDKROOT = macosx;
			};
			name = Debug;
		};
		9157713F15067B74009E2B73 /* Release */ = {
			isa = XCBuildConfiguration;
			buildSettings = {
				ALWAYS_SEARCH_USER_PATHS = NO;
				CLANG_ENABLE_OBJC_ARC = YES;
				CLANG_WARN_BOOL_CONVERSION = YES;
				CLANG_WARN_CONSTANT_CONVERSION = YES;
				CLANG_WARN_EMPTY_BODY = YES;
				CLANG_WARN_ENUM_CONVERSION = YES;
				CLANG_WARN_INT_CONVERSION = YES;
				CLANG_WARN__DUPLICATE_METHOD_MATCH = YES;
				COPY_PHASE_STRIP = YES;
				DEBUG_INFORMATION_FORMAT = "dwarf-with-dsym";
				EXCLUDED_RECURSIVE_SEARCH_PATH_SUBDIRECTORIES = "*.nib *.lproj *.framework *.gch *.xcode* (*) .DS_Store CVS .svn .git .hg *.xib";
				GCC_C_LANGUAGE_STANDARD = gnu99;
				GCC_ENABLE_OBJC_EXCEPTIONS = YES;
				GCC_VERSION = com.apple.compilers.llvm.clang.1_0;
				GCC_WARN_64_TO_32_BIT_CONVERSION = YES;
				GCC_WARN_ABOUT_RETURN_TYPE = YES;
				GCC_WARN_UNDECLARED_SELECTOR = YES;
				GCC_WARN_UNINITIALIZED_AUTOS = YES;
				GCC_WARN_UNUSED_FUNCTION = YES;
				GCC_WARN_UNUSED_VARIABLE = YES;
				MACOSX_DEPLOYMENT_TARGET = 10.8;
				SDKROOT = macosx;
			};
			name = Release;
		};
		9157714115067B74009E2B73 /* Debug */ = {
			isa = XCBuildConfiguration;
			buildSettings = {
				COMBINE_HIDPI_IMAGES = YES;
				FRAMEWORK_SEARCH_PATHS = "$(inherited)";
				GCC_PRECOMPILE_PREFIX_HEADER = YES;
				GCC_PREFIX_HEADER = "Opale/Opale-Prefix.pch";
				GCC_VERSION = "";
				INFOPLIST_FILE = "Opale/Opale-Info.plist";
				LIBRARY_SEARCH_PATHS = "";
				MACOSX_DEPLOYMENT_TARGET = "";
				PRODUCT_NAME = "$(TARGET_NAME)";
				STRINGS_FILE_OUTPUT_ENCODING = "UTF-16";
				WRAPPER_EXTENSION = app;
			};
			name = Debug;
		};
		9157714215067B74009E2B73 /* Release */ = {
			isa = XCBuildConfiguration;
			buildSettings = {
				COMBINE_HIDPI_IMAGES = YES;
				FRAMEWORK_SEARCH_PATHS = "$(inherited)";
				GCC_PRECOMPILE_PREFIX_HEADER = YES;
				GCC_PREFIX_HEADER = "Opale/Opale-Prefix.pch";
				GCC_VERSION = "";
				INFOPLIST_FILE = "Opale/Opale-Info.plist";
				LIBRARY_SEARCH_PATHS = "";
				MACOSX_DEPLOYMENT_TARGET = "";
				PRODUCT_NAME = "$(TARGET_NAME)";
				STRINGS_FILE_OUTPUT_ENCODING = "UTF-16";
				WRAPPER_EXTENSION = app;
			};
			name = Release;
		};
		9157714415067B74009E2B73 /* Debug */ = {
			isa = XCBuildConfiguration;
			buildSettings = {
				BUNDLE_LOADER = "$(BUILT_PRODUCTS_DIR)/Opale.app/Contents/MacOS/Opale";
				COMBINE_HIDPI_IMAGES = YES;
				FRAMEWORK_SEARCH_PATHS = "$(DEVELOPER_LIBRARY_DIR)/Frameworks";
				GCC_PRECOMPILE_PREFIX_HEADER = YES;
				GCC_PREFIX_HEADER = "Opale/Opale-Prefix.pch";
				INFOPLIST_FILE = "OpaleTests/OpaleTests-Info.plist";
				PRODUCT_NAME = "$(TARGET_NAME)";
				TEST_HOST = "$(BUNDLE_LOADER)";
				WRAPPER_EXTENSION = octest;
			};
			name = Debug;
		};
		9157714515067B74009E2B73 /* Release */ = {
			isa = XCBuildConfiguration;
			buildSettings = {
				BUNDLE_LOADER = "$(BUILT_PRODUCTS_DIR)/Opale.app/Contents/MacOS/Opale";
				COMBINE_HIDPI_IMAGES = YES;
				FRAMEWORK_SEARCH_PATHS = "$(DEVELOPER_LIBRARY_DIR)/Frameworks";
				GCC_PRECOMPILE_PREFIX_HEADER = YES;
				GCC_PREFIX_HEADER = "Opale/Opale-Prefix.pch";
				INFOPLIST_FILE = "OpaleTests/OpaleTests-Info.plist";
				PRODUCT_NAME = "$(TARGET_NAME)";
				TEST_HOST = "$(BUNDLE_LOADER)";
				WRAPPER_EXTENSION = octest;
			};
			name = Release;
		};
/* End XCBuildConfiguration section */

/* Begin XCConfigurationList section */
		9157710515067B73009E2B73 /* Build configuration list for PBXProject "Opale" */ = {
			isa = XCConfigurationList;
			buildConfigurations = (
				9157713E15067B74009E2B73 /* Debug */,
				9157713F15067B74009E2B73 /* Release */,
			);
			defaultConfigurationIsVisible = 0;
			defaultConfigurationName = Release;
		};
		9157714015067B74009E2B73 /* Build configuration list for PBXNativeTarget "Opale" */ = {
			isa = XCConfigurationList;
			buildConfigurations = (
				9157714115067B74009E2B73 /* Debug */,
				9157714215067B74009E2B73 /* Release */,
			);
			defaultConfigurationIsVisible = 0;
			defaultConfigurationName = Release;
		};
		9157714315067B74009E2B73 /* Build configuration list for PBXNativeTarget "OpaleTests" */ = {
			isa = XCConfigurationList;
			buildConfigurations = (
				9157714415067B74009E2B73 /* Debug */,
				9157714515067B74009E2B73 /* Release */,
			);
			defaultConfigurationIsVisible = 0;
			defaultConfigurationName = Release;
		};
/* End XCConfigurationList section */

/* Begin XCVersionGroup section */
		9157712715067B74009E2B73 /* Opale.xcdatamodeld */ = {
			isa = XCVersionGroup;
			children = (
				9157712815067B74009E2B73 /* Opale.xcdatamodel */,
			);
			currentVersion = 9157712815067B74009E2B73 /* Opale.xcdatamodel */;
			path = Opale.xcdatamodeld;
			sourceTree = "<group>";
			versionGroupType = wrapper.xcdatamodel;
		};
/* End XCVersionGroup section */
	};
	rootObject = 9157710215067B73009E2B73 /* Project object */;
}
